
Microsoft Visual Studio Solution File, Format Version 12.00
# Visual Studio Version 17
VisualStudioVersion = 17.11.35312.102
MinimumVisualStudioVersion = 10.0.40219.1
Project("{FAE04EC0-301F-11D3-BF4B-00C04F79EFBC}") = "StockManagementSystem", "StockManagementSystem.csproj", "{F1D9520A-B6DE-406C-8C99-BB8ED7831872}"
EndProject
Global
	GlobalSection(SolutionConfigurationPlatforms) = preSolution
		Debug|Any CPU = Debug|Any CPU
		Release|Any CPU = Release|Any CPU
	EndGlobalSection
	GlobalSection(ProjectConfigurationPlatforms) = postSolution
		{F1D9520A-B6DE-406C-8C99-BB8ED7831872}.Debug|Any CPU.ActiveCfg = Debug|Any CPU
		{F1D9520A-B6DE-406C-8C99-BB8ED7831872}.Debug|Any CPU.Build.0 = Debug|Any CPU
		{F1D9520A-B6DE-406C-8C99-BB8ED7831872}.Release|Any CPU.ActiveCfg = Release|Any CPU
		{F1D9520A-B6DE-406C-8C99-BB8ED7831872}.Release|Any CPU.Build.0 = Release|Any CPU
	EndGlobalSection
	GlobalSection(SolutionProperties) = preSolution
		HideSolutionNode = FALSE
	EndGlobalSection
	GlobalSection(ExtensibilityGlobals) = postSolution
		SolutionGuid = {1DDDFB97-DE1B-44DE-A8E3-82C481E81858}
	EndGlobalSection
EndGlobal
